{
  "version": 4,
  "terraform_version": "1.3.1",
  "serial": 38,
  "lineage": "f1da073e-ec50-be10-c5da-ee3daafc64cd",
  "outputs": {
    "public_ip_address": {
      "value": "4.246.168.124",
      "type": "string"
    },
    "resource_group_name": {
      "value": "DevOps-Assessment",
      "type": "string"
    },
    "tls_private_key": {
      "value": "-----BEGIN RSA PRIVATE KEY-----\nMIIJKAIBAAKCAgEAxzWs371dP4+2Z9J5AU7rD5nWuphcOw3+kVAoI6b7r0JmYYCT\nogpd7SCUTywoVIlFd19mjkKj3z/sDiqwibVV/EB/RHOGz+pb9QqE25fktS54w5DP\nlHb4UAHilZqRua34nmrkam+SO4UOCLQelM12u53YJxxKx57pQROpBjI6LhbqyaeZ\nln7gt40OgtqA5UVxs5jrbbd0VeXWo++8USkzpkbkcshDd1uCn5aErDBid2SmsLpf\nbStwP6MyzeQAAbNgaS4XBvn7wEX61Eil6/ymEt5hHt6BslMGzydxMhJk0CWkPGIp\nkjZzJFMD270BBSxrVzBNFYebI2qHJsCgCmbdcbsqLFlRjz4GE8X0PtydvVfodGDv\nsgDKaribsE1fcG/wcdiw/+alhZbW+9TLV4I4jJW45UE7ivd9BVwO52N0NH/XfRYA\nd0BMbSztkwWUK/jQFJu6dRPw9C3UHOTyh6d7JNuundqIrSKonGYFTysUyYgywDPO\nSt3eORE6D9XZlcbVzgUpYWOmFzYD+h3RfYu+w9wbgXC3toVPW4Fobwiy1+YkUFcp\njumZA+5uKoF5/ydxGrRPVHMnmEtGw9fX6n3k8IOF49pN1WgMHBpu/ZuddUtMGUdD\nLDFoCWWJ+PhRRIEwXGcKmbHLUUKTOGNhsS5W5EAmVxk63l4q9GavxCQ3e98CAwEA\nAQKCAgA566pS920YYQGpGDIkpjyEMbeUU15lsUD2ITc6fn+pSoYYDVlfgOIkYxec\nGXu0cKEo/y0Dae7Zp21MBS+FKptQl7QpQ+nLpBmOmrtcWcKex19HhWBFi33RTWsD\nEokSUrn53ZyCMeRzt9EHyM8ndsHx9Qf2/yvi9JpfWIcJjSsLYZBsh3WJo2RVGgdB\nFqTphJJ1pJ23LeL+YrBQxBCeDHu++dfMY9vx5UKKgiobIopOqo4ozleWl02wwxOv\nd35lADGlA0igt6hyFCbE+EZ94dyrmcrlPc65+Zf+PTqVU3HKb1dcUzJBF+HMivKR\nPlgAmBSxqhKPkvkRiBS5uMIPpC74Me27nT02MtwSXqmcg0JQ00wL+O5DcIACv7G9\n916kfyKiORVzSdvbH7ZVAbaZ4/XC/EqiVITMLg3rkBYxdbfIuPE1rR0SgQtcl9Ml\nRtERMcan0CLvAi9u+tt2kv7pQa+tutKZ6gO4GB7vcW/M1JFWh7KL0T+TtfxBJGEv\n/CQe6RgJFeKwd+761/Kx6MO6UtORxuM0RUZ1C1hoch+lIFhSY88nw9COt354/gOZ\nC1+iBt97oKONMFz0fjCdXu1spxDgG0WSMn7HQofo8E1ieOCH+ril7KgUMOUwARrB\n0JILbjIAeL5ndfeFjwOKNATp6ooTteptc1P5OdwQ1m+O7uQNuQKCAQEA1dBNdUuv\nthWLSZ6ez0z0VFuw7JgTM3XDZwkdnjdehJH9F4aVQww2vtTPzs3Zu7l05YUUEuhi\neEKfmMIqYZLZdyioQXHoAfAVjHTv8R1HQsOfgU6RrJ6WM/4jnTMNanLNqmxv7QIZ\nM8wKgqIU2Tchc0VxqJ06RrIJ7hG4X8h5GxLX5HTU5caWt+PWAP1E/xFI5iCSQ36Z\nrGeAMPPpJm2WHIYcIgn04CoUxbETGOKBysETpfPplZEStgXvkO9OEnDV8Q5kjc9V\ngirWT9L24+VKgd17RV926FAdQVswJsmp9REGkOSNu15jZbnMwUhk0nltl2Zrq8ab\nP1uoSj/5v6jhRQKCAQEA7oO557TXkC9WdUSdSUOQcfVuK7J5kGJoUDxksgX820yY\nrthTMPHDTWi1yH2xAhWd39IHw7RgXGB9g/iu0kcNE1L/Cb+kWRx297vWJWatbday\naLIp69Ysc4yS3FSL7IusbfBkVJo0Yw8JbRBpguMcGqmg+3zgvd2CHZPlTSSeXhiD\nBP4ISPKHUYqq3vCUn8iLFwRBgxapXUysmCfLI+8MqiV4ni3gMVGWCiPCZMD1IF85\nV0PsHAR8zuMWTT06nwyqwJsv7Na3O1KuzvHPeGNC281uatCvwDAUXHbc+s2jpyW8\nF5dW7+xdUvCXsRqaMacu/4J9p7cUVEa8mAgOO4OQ0wKCAQA1fQ3TmSKU76DPwwHB\npGO/Msz48zZiekRu40Xojbt0eL0TBJUUl9qeNMjj2HVu0/9dZ8RU0pPHuAsLAQ/v\nJviGKcKl1KQQ0AnkAGECNavdFOkzRP+Gaony6dHpApuJlLzEtKnvZcX+Qj4i3f9P\nM86HcsjzQJoSk3mOeBpiw9kgH7+opF2aOer8h9/CkZmQIbfV8jIE9oflLGNSW8Jo\n3aNe8WHaVhlPdteJeTno0Mldep26t2EpDIjcxnFfFa63SEkNK+eV3ldq3+KLR6CB\n9JuGD21GNpKdnWUkM3bBTVPaPe8hkjuusvc0vJ1vgPfP+5ah+HpZF69A02IvaP/G\npa3tAoIBAHOUZawAmE0Ig28ENuvfz8lJU3/dVsc+yKnI+krCWAu1DG/96CJZpXiH\nez+SmQoXi4+Aab7OU7uwDmK7SYwgXhe1Kl2A/pUoFAZsgZNSNEx7s6zEWUgtWxEL\nV8dpOP0BmicUTKoqp6QxDzJIt7hzcZUCCj6T/xxCkODgYEeHrS6P1j2/FCi1ThmX\nhsHN91eOiMg4ib6KZrwNgb2h2vCo0IxK6C5OsMt1a62yMms8jgyH2HOPOIVDL2/Z\n317Cgvu72arICOtOCTC4Gnmx+AWwpB97ZzxfsCsDoXpFJ0RqDhnbUVBlR/2vnnGo\noPlzmLDjAQVUKKvzLejA9nb9wFfao30CggEBAMKRlSfcNeg/nQ+Dp/IIqhcjNvVW\nFDuM73dSr+ij1nwSq0JzpctqYnTENq2sIxb1WABApokVxKNb9vB7iUZuB0d/IZEp\nA5g1hgTRNSVGQ3uuPF3DMqbkGdmwwrjOaD3UHhn5SUs+4JeIyOXR1ussgH4ESoSB\ngdeiNuMYa2ZSNvpH4rNzoSt5qHyc8ta3lYCFf0o76AjrO/aAnT0m1TwyKM6Sp0EO\nVTVummuhMBum2M38rLLImplSlXXZbBWLGrN/bZukw7RKw2hTpJflhAdYcVs5V31Q\nBzj3RFncmdKuoypCoN7uqoRic8cir7qXjHHrqmZ5cZd2BJiUGV2PkqmrNEU=\n-----END RSA PRIVATE KEY-----\n",
      "type": "string",
      "sensitive": true
    }
  },
  "resources": [
    {
      "mode": "managed",
      "type": "azurerm_linux_virtual_machine",
      "name": "Assessment_vm",
      "provider": "provider[\"registry.terraform.io/hashicorp/azurerm\"]",
      "instances": [
        {
          "schema_version": 0,
          "attributes": {
            "additional_capabilities": [],
            "admin_password": null,
            "admin_ssh_key": [
              {
                "public_key": "ssh-rsa AAAAB3NzaC1yc2EAAAADAQABAAACAQDHNazfvV0/j7Zn0nkBTusPmda6mFw7Df6RUCgjpvuvQmZhgJOiCl3tIJRPLChUiUV3X2aOQqPfP+wOKrCJtVX8QH9Ec4bP6lv1CoTbl+S1LnjDkM+UdvhQAeKVmpG5rfieauRqb5I7hQ4ItB6UzXa7ndgnHErHnulBE6kGMjouFurJp5mWfuC3jQ6C2oDlRXGzmOttt3RV5daj77xRKTOmRuRyyEN3W4KfloSsMGJ3ZKawul9tK3A/ozLN5AABs2BpLhcG+fvARfrUSKXr/KYS3mEe3oGyUwbPJ3EyEmTQJaQ8YimSNnMkUwPbvQEFLGtXME0Vh5sjaocmwKAKZt1xuyosWVGPPgYTxfQ+3J29V+h0YO+yAMpquJuwTV9wb/Bx2LD/5qWFltb71MtXgjiMlbjlQTuK930FXA7nY3Q0f9d9FgB3QExtLO2TBZQr+NAUm7p1E/D0LdQc5PKHp3sk266d2oitIqicZgVPKxTJiDLAM85K3d45EToP1dmVxtXOBSlhY6YXNgP6HdF9i77D3BuBcLe2hU9bgWhvCLLX5iRQVymO6ZkD7m4qgXn/J3EatE9UcyeYS0bD19fqfeTwg4Xj2k3VaAwcGm79m511S0wZR0MsMWgJZYn4+FFEgTBcZwqZsctRQpM4Y2GxLlbkQCZXGTreXir0Zq/EJDd73w==\n",
                "username": "oma"
              }
            ],
            "admin_username": "oma",
            "allow_extension_operations": true,
            "availability_set_id": "",
            "boot_diagnostics": [
              {
                "storage_account_uri": "https://diagunq738db3399247899b.blob.core.windows.net/"
              }
            ],
            "computer_name": "myvm",
            "custom_data": null,
            "dedicated_host_group_id": "",
            "dedicated_host_id": "",
            "disable_password_authentication": true,
            "encryption_at_host_enabled": false,
            "eviction_policy": "",
            "extensions_time_budget": "PT1H30M",
            "id": "/subscriptions/774b746b-aa57-4e22-a69b-509bedaf17e3/resourceGroups/DevOps-Assessment/providers/Microsoft.Compute/virtualMachines/assessment-VM",
            "identity": [],
            "license_type": "",
            "location": "eastus",
            "max_bid_price": -1,
            "name": "assessment-VM",
            "network_interface_ids": [
              "/subscriptions/774b746b-aa57-4e22-a69b-509bedaf17e3/resourceGroups/DevOps-Assessment/providers/Microsoft.Network/networkInterfaces/assessment-NIC"
            ],
            "os_disk": [
              {
                "caching": "ReadWrite",
                "diff_disk_settings": [],
                "disk_encryption_set_id": "",
                "disk_size_gb": 30,
                "name": "myOsDisk",
                "storage_account_type": "Premium_LRS",
                "write_accelerator_enabled": false
              }
            ],
            "patch_mode": "ImageDefault",
            "plan": [],
            "platform_fault_domain": -1,
            "priority": "Regular",
            "private_ip_address": "10.0.1.4",
            "private_ip_addresses": [
              "10.0.1.4"
            ],
            "provision_vm_agent": true,
            "proximity_placement_group_id": "",
            "public_ip_address": "4.246.168.124",
            "public_ip_addresses": [
              "4.246.168.124"
            ],
            "resource_group_name": "DevOps-Assessment",
            "secret": [],
            "secure_boot_enabled": false,
            "size": "Standard_DS1_v2",
            "source_image_id": "",
            "source_image_reference": [
              {
                "offer": "UbuntuServer",
                "publisher": "Canonical",
                "sku": "18.04-LTS",
                "version": "latest"
              }
            ],
            "tags": null,
            "timeouts": null,
            "user_data": "",
            "virtual_machine_id": "78fdada8-17ed-447e-a870-a72b5aa277bd",
            "virtual_machine_scale_set_id": "",
            "vtpm_enabled": false,
            "zone": ""
          },
          "sensitive_attributes": [],
          "private": "eyJlMmJmYjczMC1lY2FhLTExZTYtOGY4OC0zNDM2M2JjN2M0YzAiOnsiY3JlYXRlIjoyNzAwMDAwMDAwMDAwLCJkZWxldGUiOjI3MDAwMDAwMDAwMDAsInJlYWQiOjMwMDAwMDAwMDAwMCwidXBkYXRlIjoyNzAwMDAwMDAwMDAwfX0=",
          "dependencies": [
            "azurerm_network_interface.NetworkInterFace",
            "azurerm_public_ip.public_ip",
            "azurerm_resource_group.myRG",
            "azurerm_storage_account.storage_account",
            "azurerm_subnet.Vsubnet",
            "azurerm_virtual_network.Vnetwork",
            "random_id.random_id",
            "tls_private_key.unique_ssh"
          ]
        }
      ]
    },
    {
      "mode": "managed",
      "type": "azurerm_network_interface",
      "name": "NetworkInterFace",
      "provider": "provider[\"registry.terraform.io/hashicorp/azurerm\"]",
      "instances": [
        {
          "schema_version": 0,
          "attributes": {
            "applied_dns_servers": [],
            "dns_servers": [],
            "enable_accelerated_networking": false,
            "enable_ip_forwarding": false,
            "id": "/subscriptions/774b746b-aa57-4e22-a69b-509bedaf17e3/resourceGroups/DevOps-Assessment/providers/Microsoft.Network/networkInterfaces/assessment-NIC",
            "internal_dns_name_label": "",
            "internal_domain_name_suffix": "iyu01ae4f0xulaokejx1db22ff.bx.internal.cloudapp.net",
            "ip_configuration": [
              {
                "gateway_load_balancer_frontend_ip_configuration_id": "",
                "name": "assessment_nic_configuration",
                "primary": true,
                "private_ip_address": "10.0.1.4",
                "private_ip_address_allocation": "Dynamic",
                "private_ip_address_version": "IPv4",
                "public_ip_address_id": "/subscriptions/774b746b-aa57-4e22-a69b-509bedaf17e3/resourceGroups/DevOps-Assessment/providers/Microsoft.Network/publicIPAddresses/assessment-PublicIP",
                "subnet_id": "/subscriptions/774b746b-aa57-4e22-a69b-509bedaf17e3/resourceGroups/DevOps-Assessment/providers/Microsoft.Network/virtualNetworks/assessment-VM/subnets/assessment-Subnet"
              }
            ],
            "location": "eastus",
            "mac_address": "",
            "name": "assessment-NIC",
            "private_ip_address": "10.0.1.4",
            "private_ip_addresses": [
              "10.0.1.4"
            ],
            "resource_group_name": "DevOps-Assessment",
            "tags": null,
            "timeouts": null,
            "virtual_machine_id": ""
          },
          "sensitive_attributes": [],
          "private": "eyJlMmJmYjczMC1lY2FhLTExZTYtOGY4OC0zNDM2M2JjN2M0YzAiOnsiY3JlYXRlIjoxODAwMDAwMDAwMDAwLCJkZWxldGUiOjE4MDAwMDAwMDAwMDAsInJlYWQiOjMwMDAwMDAwMDAwMCwidXBkYXRlIjoxODAwMDAwMDAwMDAwfX0=",
          "dependencies": [
            "azurerm_public_ip.public_ip",
            "azurerm_resource_group.myRG",
            "azurerm_subnet.Vsubnet",
            "azurerm_virtual_network.Vnetwork"
          ]
        }
      ]
    },
    {
      "mode": "managed",
      "type": "azurerm_network_interface_security_group_association",
      "name": "InterfaceSGA",
      "provider": "provider[\"registry.terraform.io/hashicorp/azurerm\"]",
      "instances": [
        {
          "schema_version": 0,
          "attributes": {
            "id": "/subscriptions/774b746b-aa57-4e22-a69b-509bedaf17e3/resourceGroups/DevOps-Assessment/providers/Microsoft.Network/networkInterfaces/assessment-NIC|/subscriptions/774b746b-aa57-4e22-a69b-509bedaf17e3/resourceGroups/DevOps-Assessment/providers/Microsoft.Network/networkSecurityGroups/assessment-SecurityGroup",
            "network_interface_id": "/subscriptions/774b746b-aa57-4e22-a69b-509bedaf17e3/resourceGroups/DevOps-Assessment/providers/Microsoft.Network/networkInterfaces/assessment-NIC",
            "network_security_group_id": "/subscriptions/774b746b-aa57-4e22-a69b-509bedaf17e3/resourceGroups/DevOps-Assessment/providers/Microsoft.Network/networkSecurityGroups/assessment-SecurityGroup",
            "timeouts": null
          },
          "sensitive_attributes": [],
          "private": "eyJlMmJmYjczMC1lY2FhLTExZTYtOGY4OC0zNDM2M2JjN2M0YzAiOnsiY3JlYXRlIjoxODAwMDAwMDAwMDAwLCJkZWxldGUiOjE4MDAwMDAwMDAwMDAsInJlYWQiOjMwMDAwMDAwMDAwMCwidXBkYXRlIjoxODAwMDAwMDAwMDAwfX0=",
          "dependencies": [
            "azurerm_network_interface.NetworkInterFace",
            "azurerm_network_security_group.NetworkSG",
            "azurerm_public_ip.public_ip",
            "azurerm_resource_group.myRG",
            "azurerm_subnet.Vsubnet",
            "azurerm_virtual_network.Vnetwork"
          ]
        }
      ]
    },
    {
      "mode": "managed",
      "type": "azurerm_network_security_group",
      "name": "NetworkSG",
      "provider": "provider[\"registry.terraform.io/hashicorp/azurerm\"]",
      "instances": [
        {
          "schema_version": 0,
          "attributes": {
            "id": "/subscriptions/774b746b-aa57-4e22-a69b-509bedaf17e3/resourceGroups/DevOps-Assessment/providers/Microsoft.Network/networkSecurityGroups/assessment-SecurityGroup",
            "location": "eastus",
            "name": "assessment-SecurityGroup",
            "resource_group_name": "DevOps-Assessment",
            "security_rule": [
              {
                "access": "Allow",
                "description": "",
                "destination_address_prefix": "*",
                "destination_address_prefixes": [],
                "destination_application_security_group_ids": [],
                "destination_port_range": "",
                "destination_port_ranges": [
                  "443",
                  "80"
                ],
                "direction": "Inbound",
                "name": "HTTPS",
                "priority": 1001,
                "protocol": "Tcp",
                "source_address_prefix": "*",
                "source_address_prefixes": [],
                "source_application_security_group_ids": [],
                "source_port_range": "*",
                "source_port_ranges": []
              }
            ],
            "tags": null,
            "timeouts": null
          },
          "sensitive_attributes": [],
          "private": "eyJlMmJmYjczMC1lY2FhLTExZTYtOGY4OC0zNDM2M2JjN2M0YzAiOnsiY3JlYXRlIjoxODAwMDAwMDAwMDAwLCJkZWxldGUiOjE4MDAwMDAwMDAwMDAsInJlYWQiOjMwMDAwMDAwMDAwMCwidXBkYXRlIjoxODAwMDAwMDAwMDAwfX0=",
          "dependencies": [
            "azurerm_resource_group.myRG"
          ]
        }
      ]
    },
    {
      "mode": "managed",
      "type": "azurerm_public_ip",
      "name": "public_ip",
      "provider": "provider[\"registry.terraform.io/hashicorp/azurerm\"]",
      "instances": [
        {
          "schema_version": 0,
          "attributes": {
            "allocation_method": "Dynamic",
            "availability_zone": "No-Zone",
            "domain_name_label": null,
            "fqdn": null,
            "id": "/subscriptions/774b746b-aa57-4e22-a69b-509bedaf17e3/resourceGroups/DevOps-Assessment/providers/Microsoft.Network/publicIPAddresses/assessment-PublicIP",
            "idle_timeout_in_minutes": 4,
            "ip_address": "",
            "ip_tags": null,
            "ip_version": "IPv4",
            "location": "eastus",
            "name": "assessment-PublicIP",
            "public_ip_prefix_id": null,
            "resource_group_name": "DevOps-Assessment",
            "reverse_fqdn": null,
            "sku": "Basic",
            "sku_tier": "Regional",
            "tags": null,
            "timeouts": null,
            "zones": []
          },
          "sensitive_attributes": [],
          "private": "eyJlMmJmYjczMC1lY2FhLTExZTYtOGY4OC0zNDM2M2JjN2M0YzAiOnsiY3JlYXRlIjoxODAwMDAwMDAwMDAwLCJkZWxldGUiOjE4MDAwMDAwMDAwMDAsInJlYWQiOjMwMDAwMDAwMDAwMCwidXBkYXRlIjoxODAwMDAwMDAwMDAwfX0=",
          "dependencies": [
            "azurerm_resource_group.myRG"
          ]
        }
      ]
    },
    {
      "mode": "managed",
      "type": "azurerm_resource_group",
      "name": "myRG",
      "provider": "provider[\"registry.terraform.io/hashicorp/azurerm\"]",
      "instances": [
        {
          "schema_version": 0,
          "attributes": {
            "id": "/subscriptions/774b746b-aa57-4e22-a69b-509bedaf17e3/resourceGroups/DevOps-Assessment",
            "location": "eastus",
            "name": "DevOps-Assessment",
            "tags": null,
            "timeouts": null
          },
          "sensitive_attributes": [],
          "private": "eyJlMmJmYjczMC1lY2FhLTExZTYtOGY4OC0zNDM2M2JjN2M0YzAiOnsiY3JlYXRlIjo1NDAwMDAwMDAwMDAwLCJkZWxldGUiOjU0MDAwMDAwMDAwMDAsInJlYWQiOjMwMDAwMDAwMDAwMCwidXBkYXRlIjo1NDAwMDAwMDAwMDAwfX0="
        }
      ]
    },
    {
      "mode": "managed",
      "type": "azurerm_storage_account",
      "name": "storage_account",
      "provider": "provider[\"registry.terraform.io/hashicorp/azurerm\"]",
      "instances": [
        {
          "schema_version": 2,
          "attributes": {
            "access_tier": "Hot",
            "account_kind": "StorageV2",
            "account_replication_type": "LRS",
            "account_tier": "Standard",
            "allow_blob_public_access": false,
            "azure_files_authentication": [],
            "blob_properties": [
              {
                "change_feed_enabled": false,
                "container_delete_retention_policy": [],
                "cors_rule": [],
                "default_service_version": "",
                "delete_retention_policy": [],
                "last_access_time_enabled": false,
                "versioning_enabled": false
              }
            ],
            "custom_domain": [],
            "customer_managed_key": [],
            "enable_https_traffic_only": true,
            "id": "/subscriptions/774b746b-aa57-4e22-a69b-509bedaf17e3/resourceGroups/DevOps-Assessment/providers/Microsoft.Storage/storageAccounts/diagunq738db3399247899b",
            "identity": [],
            "infrastructure_encryption_enabled": false,
            "is_hns_enabled": false,
            "large_file_share_enabled": null,
            "location": "eastus",
            "min_tls_version": "TLS1_0",
            "name": "diagunq738db3399247899b",
            "network_rules": [
              {
                "bypass": [
                  "AzureServices"
                ],
                "default_action": "Allow",
                "ip_rules": [],
                "private_link_access": [],
                "virtual_network_subnet_ids": []
              }
            ],
            "nfsv3_enabled": false,
            "primary_access_key": "4rZ0gLhC/uylDjyyvctXutTJuR4UuZMJe52lLzO+a76VcunVJiMVXy5N2l/LHxnl2clVSWXRB+A2+ASt/PZmzQ==",
            "primary_blob_connection_string": "DefaultEndpointsProtocol=https;BlobEndpoint=https://diagunq738db3399247899b.blob.core.windows.net/;AccountName=diagunq738db3399247899b;AccountKey=4rZ0gLhC/uylDjyyvctXutTJuR4UuZMJe52lLzO+a76VcunVJiMVXy5N2l/LHxnl2clVSWXRB+A2+ASt/PZmzQ==",
            "primary_blob_endpoint": "https://diagunq738db3399247899b.blob.core.windows.net/",
            "primary_blob_host": "diagunq738db3399247899b.blob.core.windows.net",
            "primary_connection_string": "DefaultEndpointsProtocol=https;AccountName=diagunq738db3399247899b;AccountKey=4rZ0gLhC/uylDjyyvctXutTJuR4UuZMJe52lLzO+a76VcunVJiMVXy5N2l/LHxnl2clVSWXRB+A2+ASt/PZmzQ==;EndpointSuffix=core.windows.net",
            "primary_dfs_endpoint": "https://diagunq738db3399247899b.dfs.core.windows.net/",
            "primary_dfs_host": "diagunq738db3399247899b.dfs.core.windows.net",
            "primary_file_endpoint": "https://diagunq738db3399247899b.file.core.windows.net/",
            "primary_file_host": "diagunq738db3399247899b.file.core.windows.net",
            "primary_location": "eastus",
            "primary_queue_endpoint": "https://diagunq738db3399247899b.queue.core.windows.net/",
            "primary_queue_host": "diagunq738db3399247899b.queue.core.windows.net",
            "primary_table_endpoint": "https://diagunq738db3399247899b.table.core.windows.net/",
            "primary_table_host": "diagunq738db3399247899b.table.core.windows.net",
            "primary_web_endpoint": "https://diagunq738db3399247899b.z13.web.core.windows.net/",
            "primary_web_host": "diagunq738db3399247899b.z13.web.core.windows.net",
            "queue_encryption_key_type": "Service",
            "queue_properties": [
              {
                "cors_rule": [],
                "hour_metrics": [
                  {
                    "enabled": true,
                    "include_apis": true,
                    "retention_policy_days": 7,
                    "version": "1.0"
                  }
                ],
                "logging": [
                  {
                    "delete": false,
                    "read": false,
                    "retention_policy_days": 0,
                    "version": "1.0",
                    "write": false
                  }
                ],
                "minute_metrics": [
                  {
                    "enabled": false,
                    "include_apis": false,
                    "retention_policy_days": 0,
                    "version": "1.0"
                  }
                ]
              }
            ],
            "resource_group_name": "DevOps-Assessment",
            "routing": [],
            "secondary_access_key": "lW8kGL8ZzEYB30pPmLWXBS5t7yWPvyc7TfmGH4W07ucsehHZIHOYmRD8vLN5PyAgAyAe5r/7nWpR+AStrS5ecA==",
            "secondary_blob_connection_string": "",
            "secondary_blob_endpoint": null,
            "secondary_blob_host": null,
            "secondary_connection_string": "DefaultEndpointsProtocol=https;AccountName=diagunq738db3399247899b;AccountKey=lW8kGL8ZzEYB30pPmLWXBS5t7yWPvyc7TfmGH4W07ucsehHZIHOYmRD8vLN5PyAgAyAe5r/7nWpR+AStrS5ecA==;EndpointSuffix=core.windows.net",
            "secondary_dfs_endpoint": null,
            "secondary_dfs_host": null,
            "secondary_file_endpoint": null,
            "secondary_file_host": null,
            "secondary_location": "",
            "secondary_queue_endpoint": null,
            "secondary_queue_host": null,
            "secondary_table_endpoint": null,
            "secondary_table_host": null,
            "secondary_web_endpoint": null,
            "secondary_web_host": null,
            "share_properties": [
              {
                "cors_rule": [],
                "retention_policy": [
                  {
                    "days": 7
                  }
                ],
                "smb": []
              }
            ],
            "shared_access_key_enabled": true,
            "static_website": [],
            "table_encryption_key_type": "Service",
            "tags": null,
            "timeouts": null
          },
          "sensitive_attributes": [],
          "private": "eyJlMmJmYjczMC1lY2FhLTExZTYtOGY4OC0zNDM2M2JjN2M0YzAiOnsiY3JlYXRlIjozNjAwMDAwMDAwMDAwLCJkZWxldGUiOjM2MDAwMDAwMDAwMDAsInJlYWQiOjMwMDAwMDAwMDAwMCwidXBkYXRlIjozNjAwMDAwMDAwMDAwfSwic2NoZW1hX3ZlcnNpb24iOiIyIn0=",
          "dependencies": [
            "azurerm_resource_group.myRG",
            "random_id.random_id"
          ]
        }
      ]
    },
    {
      "mode": "managed",
      "type": "azurerm_storage_container",
      "name": "storage_container",
      "provider": "provider[\"registry.terraform.io/hashicorp/azurerm\"]",
      "instances": [
        {
          "schema_version": 1,
          "attributes": {
            "container_access_type": "private",
            "has_immutability_policy": false,
            "has_legal_hold": false,
            "id": "https://diagunq738db3399247899b.blob.core.windows.net/web",
            "metadata": {},
            "name": "web",
            "resource_manager_id": "/subscriptions/774b746b-aa57-4e22-a69b-509bedaf17e3/resourceGroups/DevOps-Assessment/providers/Microsoft.Storage/storageAccounts/diagunq738db3399247899b/blobServices/default/containers/web",
            "storage_account_name": "diagunq738db3399247899b",
            "timeouts": null
          },
          "sensitive_attributes": [],
          "private": "eyJlMmJmYjczMC1lY2FhLTExZTYtOGY4OC0zNDM2M2JjN2M0YzAiOnsiY3JlYXRlIjoxODAwMDAwMDAwMDAwLCJkZWxldGUiOjE4MDAwMDAwMDAwMDAsInJlYWQiOjMwMDAwMDAwMDAwMCwidXBkYXRlIjoxODAwMDAwMDAwMDAwfSwic2NoZW1hX3ZlcnNpb24iOiIxIn0=",
          "dependencies": [
            "azurerm_resource_group.myRG",
            "azurerm_storage_account.storage_account",
            "random_id.random_id"
          ]
        }
      ]
    },
    {
      "mode": "managed",
      "type": "azurerm_subnet",
      "name": "Vsubnet",
      "provider": "provider[\"registry.terraform.io/hashicorp/azurerm\"]",
      "instances": [
        {
          "schema_version": 0,
          "attributes": {
            "address_prefix": "10.0.1.0/24",
            "address_prefixes": [
              "10.0.1.0/24"
            ],
            "delegation": [],
            "enforce_private_link_endpoint_network_policies": false,
            "enforce_private_link_service_network_policies": false,
            "id": "/subscriptions/774b746b-aa57-4e22-a69b-509bedaf17e3/resourceGroups/DevOps-Assessment/providers/Microsoft.Network/virtualNetworks/assessment-VM/subnets/assessment-Subnet",
            "name": "assessment-Subnet",
            "resource_group_name": "DevOps-Assessment",
            "service_endpoint_policy_ids": null,
            "service_endpoints": null,
            "timeouts": null,
            "virtual_network_name": "assessment-VM"
          },
          "sensitive_attributes": [],
          "private": "eyJlMmJmYjczMC1lY2FhLTExZTYtOGY4OC0zNDM2M2JjN2M0YzAiOnsiY3JlYXRlIjoxODAwMDAwMDAwMDAwLCJkZWxldGUiOjE4MDAwMDAwMDAwMDAsInJlYWQiOjMwMDAwMDAwMDAwMCwidXBkYXRlIjoxODAwMDAwMDAwMDAwfX0=",
          "dependencies": [
            "azurerm_resource_group.myRG",
            "azurerm_virtual_network.Vnetwork"
          ]
        }
      ]
    },
    {
      "mode": "managed",
      "type": "azurerm_virtual_network",
      "name": "Vnetwork",
      "provider": "provider[\"registry.terraform.io/hashicorp/azurerm\"]",
      "instances": [
        {
          "schema_version": 0,
          "attributes": {
            "address_space": [
              "10.0.0.0/16"
            ],
            "bgp_community": "",
            "ddos_protection_plan": [],
            "dns_servers": [],
            "flow_timeout_in_minutes": 0,
            "guid": "80ad2946-2e9e-45af-81ca-226fb1879c2d",
            "id": "/subscriptions/774b746b-aa57-4e22-a69b-509bedaf17e3/resourceGroups/DevOps-Assessment/providers/Microsoft.Network/virtualNetworks/assessment-VM",
            "location": "eastus",
            "name": "assessment-VM",
            "resource_group_name": "DevOps-Assessment",
            "subnet": [],
            "tags": null,
            "timeouts": null,
            "vm_protection_enabled": false
          },
          "sensitive_attributes": [],
          "private": "eyJlMmJmYjczMC1lY2FhLTExZTYtOGY4OC0zNDM2M2JjN2M0YzAiOnsiY3JlYXRlIjoxODAwMDAwMDAwMDAwLCJkZWxldGUiOjE4MDAwMDAwMDAwMDAsInJlYWQiOjMwMDAwMDAwMDAwMCwidXBkYXRlIjoxODAwMDAwMDAwMDAwfX0=",
          "dependencies": [
            "azurerm_resource_group.myRG"
          ]
        }
      ]
    },
    {
      "mode": "managed",
      "type": "random_id",
      "name": "random_id",
      "provider": "provider[\"registry.terraform.io/hashicorp/random\"]",
      "instances": [
        {
          "schema_version": 0,
          "attributes": {
            "b64_std": "c42zOZJHiZs=",
            "b64_url": "c42zOZJHiZs",
            "byte_length": 8,
            "dec": "8326508345926584731",
            "hex": "738db3399247899b",
            "id": "c42zOZJHiZs",
            "keepers": {
              "resource_group": "DevOps-Assessment"
            },
            "prefix": null
          },
          "sensitive_attributes": [],
          "dependencies": [
            "azurerm_resource_group.myRG"
          ]
        }
      ]
    },
    {
      "mode": "managed",
      "type": "tls_private_key",
      "name": "unique_ssh",
      "provider": "provider[\"registry.terraform.io/hashicorp/tls\"]",
      "instances": [
        {
          "schema_version": 1,
          "attributes": {
            "algorithm": "RSA",
            "ecdsa_curve": "P224",
            "id": "3b594d90f206ae06afefc9464d2d56cc757bdbc1",
            "private_key_openssh": "-----BEGIN OPENSSH PRIVATE KEY-----\nb3BlbnNzaC1rZXktdjEAAAAABG5vbmUAAAAEbm9uZQAAAAAAAAABAAACFwAAAAdz\nc2gtcnNhAAAAAwEAAQAAAgEAxzWs371dP4+2Z9J5AU7rD5nWuphcOw3+kVAoI6b7\nr0JmYYCTogpd7SCUTywoVIlFd19mjkKj3z/sDiqwibVV/EB/RHOGz+pb9QqE25fk\ntS54w5DPlHb4UAHilZqRua34nmrkam+SO4UOCLQelM12u53YJxxKx57pQROpBjI6\nLhbqyaeZln7gt40OgtqA5UVxs5jrbbd0VeXWo++8USkzpkbkcshDd1uCn5aErDBi\nd2SmsLpfbStwP6MyzeQAAbNgaS4XBvn7wEX61Eil6/ymEt5hHt6BslMGzydxMhJk\n0CWkPGIpkjZzJFMD270BBSxrVzBNFYebI2qHJsCgCmbdcbsqLFlRjz4GE8X0Ptyd\nvVfodGDvsgDKaribsE1fcG/wcdiw/+alhZbW+9TLV4I4jJW45UE7ivd9BVwO52N0\nNH/XfRYAd0BMbSztkwWUK/jQFJu6dRPw9C3UHOTyh6d7JNuundqIrSKonGYFTysU\nyYgywDPOSt3eORE6D9XZlcbVzgUpYWOmFzYD+h3RfYu+w9wbgXC3toVPW4Fobwiy\n1+YkUFcpjumZA+5uKoF5/ydxGrRPVHMnmEtGw9fX6n3k8IOF49pN1WgMHBpu/Zud\ndUtMGUdDLDFoCWWJ+PhRRIEwXGcKmbHLUUKTOGNhsS5W5EAmVxk63l4q9GavxCQ3\ne98AAAc4eK47GniuOxoAAAAHc3NoLXJzYQAAAgEAxzWs371dP4+2Z9J5AU7rD5nW\nuphcOw3+kVAoI6b7r0JmYYCTogpd7SCUTywoVIlFd19mjkKj3z/sDiqwibVV/EB/\nRHOGz+pb9QqE25fktS54w5DPlHb4UAHilZqRua34nmrkam+SO4UOCLQelM12u53Y\nJxxKx57pQROpBjI6LhbqyaeZln7gt40OgtqA5UVxs5jrbbd0VeXWo++8USkzpkbk\ncshDd1uCn5aErDBid2SmsLpfbStwP6MyzeQAAbNgaS4XBvn7wEX61Eil6/ymEt5h\nHt6BslMGzydxMhJk0CWkPGIpkjZzJFMD270BBSxrVzBNFYebI2qHJsCgCmbdcbsq\nLFlRjz4GE8X0PtydvVfodGDvsgDKaribsE1fcG/wcdiw/+alhZbW+9TLV4I4jJW4\n5UE7ivd9BVwO52N0NH/XfRYAd0BMbSztkwWUK/jQFJu6dRPw9C3UHOTyh6d7JNuu\nndqIrSKonGYFTysUyYgywDPOSt3eORE6D9XZlcbVzgUpYWOmFzYD+h3RfYu+w9wb\ngXC3toVPW4Fobwiy1+YkUFcpjumZA+5uKoF5/ydxGrRPVHMnmEtGw9fX6n3k8IOF\n49pN1WgMHBpu/ZuddUtMGUdDLDFoCWWJ+PhRRIEwXGcKmbHLUUKTOGNhsS5W5EAm\nVxk63l4q9GavxCQ3e98AAAADAQABAAACADnrqlL3bRhhAakYMiSmPIQxt5RTXmWx\nQPYhNzp+f6lKhhgNWV+A4iRjF5wZe7RwoSj/LQNp7tmnbUwFL4Uqm1CXtClD6cuk\nGY6au1xZwp7HX0eFYEWLfdFNawMSiRJSufndnIIx5HO30QfIzyd2wfH1B/b/K+L0\nml9YhwmNKwthkGyHdYmjZFUaB0EWpOmEknWknbct4v5isFDEEJ4Me77518xj2/Hl\nQoqCKhsiik6qjijOV5aXTbDDE693fmUAMaUDSKC3qHIUJsT4Rn3h3KuZyuU9zrn5\nl/49OpVTccpvV1xTMkEX4cyK8pE+WACYFLGqEo+S+RGIFLm4wg+kLvgx7budPTYy\n3BJeqZyDQlDTTAv47kNwgAK/sb33XqR/IqI5FXNJ29sftlUBtpnj9cL8SqJUhMwu\nDeuQFjF1t8i48TWtHRKBC1yX0yVG0RExxqfQIu8CL27623aS/ulBr6260pnqA7gY\nHu9xb8zUkVaHsovRP5O1/EEkYS/8JB7pGAkV4rB37vrX8rHow7pS05HG4zRFRnUL\nWGhyH6UgWFJjzyfD0I63fnj+A5kLX6IG33ugo40wXPR+MJ1e7WynEOAbRZIyfsdC\nh+jwTWJ44If6uKXsqBQw5TABGsHQkgtuMgB4vmd194WPA4o0BOnqihO16m1zU/k5\n3BDWb47u5A25AAABAQDCkZUn3DXoP50Pg6fyCKoXIzb1VhQ7jO93Uq/oo9Z8EqtC\nc6XLamJ0xDatrCMW9VgAQKaJFcSjW/bwe4lGbgdHfyGRKQOYNYYE0TUlRkN7rjxd\nwzKm5BnZsMK4zmg91B4Z+UlLPuCXiMjl0dbrLIB+BEqEgYHXojbjGGtmUjb6R+Kz\nc6Ereah8nPLWt5WAhX9KO+gI6zv2gJ09JtU8MijOkqdBDlU1bpproTAbptjN/Kyy\nyJqZUpV12WwVixqzf22bpMO0SsNoU6SX5YQHWHFbOVd9UAc490RZ3JnSrqMqQqDe\n7qqEYnPHIq+6l4xx66pmeXGXdgSYlBldj5KpqzRFAAABAQDV0E11S6+2FYtJnp7P\nTPRUW7DsmBMzdcNnCR2eN16Ekf0XhpVDDDa+1M/Ozdm7uXTlhRQS6GJ4Qp+Ywiph\nktl3KKhBcegB8BWMdO/xHUdCw5+BTpGsnpYz/iOdMw1qcs2qbG/tAhkzzAqCohTZ\nNyFzRXGonTpGsgnuEbhfyHkbEtfkdNTlxpa349YA/UT/EUjmIJJDfpmsZ4Aw8+km\nbZYchhwiCfTgKhTFsRMY4oHKwROl8+mVkRK2Be+Q704ScNXxDmSNz1WCKtZP0vbj\n5UqB3XtFX3boUB1BWzAmyan1EQaQ5I27XmNluczBSGTSeW2XZmurxps/W6hKP/m/\nqOFFAAABAQDug7nntNeQL1Z1RJ1JQ5Bx9W4rsnmQYmhQPGSyBfzbTJiu2FMw8cNN\naLXIfbECFZ3f0gfDtGBcYH2D+K7SRw0TUv8Jv6RZHHb3u9YlZq1t1rJosinr1ixz\njJLcVIvsi6xt8GRUmjRjDwltEGmC4xwaqaD7fOC93YIdk+VNJJ5eGIME/ghI8odR\niqre8JSfyIsXBEGDFqldTKyYJ8sj7wyqJXieLeAxUZYKI8JkwPUgXzlXQ+wcBHzO\n4xZNPTqfDKrAmy/s1rc7Uq7O8c94Y0LbzW5q0K/AMBRcdtz6zaOnJbwXl1bv7F1S\n8JexGpoxpy7/gn2ntxRURryYCA47g5DTAAAAAAEC\n-----END OPENSSH PRIVATE KEY-----\n",
            "private_key_pem": "-----BEGIN RSA PRIVATE KEY-----\nMIIJKAIBAAKCAgEAxzWs371dP4+2Z9J5AU7rD5nWuphcOw3+kVAoI6b7r0JmYYCT\nogpd7SCUTywoVIlFd19mjkKj3z/sDiqwibVV/EB/RHOGz+pb9QqE25fktS54w5DP\nlHb4UAHilZqRua34nmrkam+SO4UOCLQelM12u53YJxxKx57pQROpBjI6LhbqyaeZ\nln7gt40OgtqA5UVxs5jrbbd0VeXWo++8USkzpkbkcshDd1uCn5aErDBid2SmsLpf\nbStwP6MyzeQAAbNgaS4XBvn7wEX61Eil6/ymEt5hHt6BslMGzydxMhJk0CWkPGIp\nkjZzJFMD270BBSxrVzBNFYebI2qHJsCgCmbdcbsqLFlRjz4GE8X0PtydvVfodGDv\nsgDKaribsE1fcG/wcdiw/+alhZbW+9TLV4I4jJW45UE7ivd9BVwO52N0NH/XfRYA\nd0BMbSztkwWUK/jQFJu6dRPw9C3UHOTyh6d7JNuundqIrSKonGYFTysUyYgywDPO\nSt3eORE6D9XZlcbVzgUpYWOmFzYD+h3RfYu+w9wbgXC3toVPW4Fobwiy1+YkUFcp\njumZA+5uKoF5/ydxGrRPVHMnmEtGw9fX6n3k8IOF49pN1WgMHBpu/ZuddUtMGUdD\nLDFoCWWJ+PhRRIEwXGcKmbHLUUKTOGNhsS5W5EAmVxk63l4q9GavxCQ3e98CAwEA\nAQKCAgA566pS920YYQGpGDIkpjyEMbeUU15lsUD2ITc6fn+pSoYYDVlfgOIkYxec\nGXu0cKEo/y0Dae7Zp21MBS+FKptQl7QpQ+nLpBmOmrtcWcKex19HhWBFi33RTWsD\nEokSUrn53ZyCMeRzt9EHyM8ndsHx9Qf2/yvi9JpfWIcJjSsLYZBsh3WJo2RVGgdB\nFqTphJJ1pJ23LeL+YrBQxBCeDHu++dfMY9vx5UKKgiobIopOqo4ozleWl02wwxOv\nd35lADGlA0igt6hyFCbE+EZ94dyrmcrlPc65+Zf+PTqVU3HKb1dcUzJBF+HMivKR\nPlgAmBSxqhKPkvkRiBS5uMIPpC74Me27nT02MtwSXqmcg0JQ00wL+O5DcIACv7G9\n916kfyKiORVzSdvbH7ZVAbaZ4/XC/EqiVITMLg3rkBYxdbfIuPE1rR0SgQtcl9Ml\nRtERMcan0CLvAi9u+tt2kv7pQa+tutKZ6gO4GB7vcW/M1JFWh7KL0T+TtfxBJGEv\n/CQe6RgJFeKwd+761/Kx6MO6UtORxuM0RUZ1C1hoch+lIFhSY88nw9COt354/gOZ\nC1+iBt97oKONMFz0fjCdXu1spxDgG0WSMn7HQofo8E1ieOCH+ril7KgUMOUwARrB\n0JILbjIAeL5ndfeFjwOKNATp6ooTteptc1P5OdwQ1m+O7uQNuQKCAQEA1dBNdUuv\nthWLSZ6ez0z0VFuw7JgTM3XDZwkdnjdehJH9F4aVQww2vtTPzs3Zu7l05YUUEuhi\neEKfmMIqYZLZdyioQXHoAfAVjHTv8R1HQsOfgU6RrJ6WM/4jnTMNanLNqmxv7QIZ\nM8wKgqIU2Tchc0VxqJ06RrIJ7hG4X8h5GxLX5HTU5caWt+PWAP1E/xFI5iCSQ36Z\nrGeAMPPpJm2WHIYcIgn04CoUxbETGOKBysETpfPplZEStgXvkO9OEnDV8Q5kjc9V\ngirWT9L24+VKgd17RV926FAdQVswJsmp9REGkOSNu15jZbnMwUhk0nltl2Zrq8ab\nP1uoSj/5v6jhRQKCAQEA7oO557TXkC9WdUSdSUOQcfVuK7J5kGJoUDxksgX820yY\nrthTMPHDTWi1yH2xAhWd39IHw7RgXGB9g/iu0kcNE1L/Cb+kWRx297vWJWatbday\naLIp69Ysc4yS3FSL7IusbfBkVJo0Yw8JbRBpguMcGqmg+3zgvd2CHZPlTSSeXhiD\nBP4ISPKHUYqq3vCUn8iLFwRBgxapXUysmCfLI+8MqiV4ni3gMVGWCiPCZMD1IF85\nV0PsHAR8zuMWTT06nwyqwJsv7Na3O1KuzvHPeGNC281uatCvwDAUXHbc+s2jpyW8\nF5dW7+xdUvCXsRqaMacu/4J9p7cUVEa8mAgOO4OQ0wKCAQA1fQ3TmSKU76DPwwHB\npGO/Msz48zZiekRu40Xojbt0eL0TBJUUl9qeNMjj2HVu0/9dZ8RU0pPHuAsLAQ/v\nJviGKcKl1KQQ0AnkAGECNavdFOkzRP+Gaony6dHpApuJlLzEtKnvZcX+Qj4i3f9P\nM86HcsjzQJoSk3mOeBpiw9kgH7+opF2aOer8h9/CkZmQIbfV8jIE9oflLGNSW8Jo\n3aNe8WHaVhlPdteJeTno0Mldep26t2EpDIjcxnFfFa63SEkNK+eV3ldq3+KLR6CB\n9JuGD21GNpKdnWUkM3bBTVPaPe8hkjuusvc0vJ1vgPfP+5ah+HpZF69A02IvaP/G\npa3tAoIBAHOUZawAmE0Ig28ENuvfz8lJU3/dVsc+yKnI+krCWAu1DG/96CJZpXiH\nez+SmQoXi4+Aab7OU7uwDmK7SYwgXhe1Kl2A/pUoFAZsgZNSNEx7s6zEWUgtWxEL\nV8dpOP0BmicUTKoqp6QxDzJIt7hzcZUCCj6T/xxCkODgYEeHrS6P1j2/FCi1ThmX\nhsHN91eOiMg4ib6KZrwNgb2h2vCo0IxK6C5OsMt1a62yMms8jgyH2HOPOIVDL2/Z\n317Cgvu72arICOtOCTC4Gnmx+AWwpB97ZzxfsCsDoXpFJ0RqDhnbUVBlR/2vnnGo\noPlzmLDjAQVUKKvzLejA9nb9wFfao30CggEBAMKRlSfcNeg/nQ+Dp/IIqhcjNvVW\nFDuM73dSr+ij1nwSq0JzpctqYnTENq2sIxb1WABApokVxKNb9vB7iUZuB0d/IZEp\nA5g1hgTRNSVGQ3uuPF3DMqbkGdmwwrjOaD3UHhn5SUs+4JeIyOXR1ussgH4ESoSB\ngdeiNuMYa2ZSNvpH4rNzoSt5qHyc8ta3lYCFf0o76AjrO/aAnT0m1TwyKM6Sp0EO\nVTVummuhMBum2M38rLLImplSlXXZbBWLGrN/bZukw7RKw2hTpJflhAdYcVs5V31Q\nBzj3RFncmdKuoypCoN7uqoRic8cir7qXjHHrqmZ5cZd2BJiUGV2PkqmrNEU=\n-----END RSA PRIVATE KEY-----\n",
            "private_key_pem_pkcs8": "-----BEGIN PRIVATE KEY-----\nMIIJQgIBADANBgkqhkiG9w0BAQEFAASCCSwwggkoAgEAAoICAQDHNazfvV0/j7Zn\n0nkBTusPmda6mFw7Df6RUCgjpvuvQmZhgJOiCl3tIJRPLChUiUV3X2aOQqPfP+wO\nKrCJtVX8QH9Ec4bP6lv1CoTbl+S1LnjDkM+UdvhQAeKVmpG5rfieauRqb5I7hQ4I\ntB6UzXa7ndgnHErHnulBE6kGMjouFurJp5mWfuC3jQ6C2oDlRXGzmOttt3RV5daj\n77xRKTOmRuRyyEN3W4KfloSsMGJ3ZKawul9tK3A/ozLN5AABs2BpLhcG+fvARfrU\nSKXr/KYS3mEe3oGyUwbPJ3EyEmTQJaQ8YimSNnMkUwPbvQEFLGtXME0Vh5sjaocm\nwKAKZt1xuyosWVGPPgYTxfQ+3J29V+h0YO+yAMpquJuwTV9wb/Bx2LD/5qWFltb7\n1MtXgjiMlbjlQTuK930FXA7nY3Q0f9d9FgB3QExtLO2TBZQr+NAUm7p1E/D0LdQc\n5PKHp3sk266d2oitIqicZgVPKxTJiDLAM85K3d45EToP1dmVxtXOBSlhY6YXNgP6\nHdF9i77D3BuBcLe2hU9bgWhvCLLX5iRQVymO6ZkD7m4qgXn/J3EatE9UcyeYS0bD\n19fqfeTwg4Xj2k3VaAwcGm79m511S0wZR0MsMWgJZYn4+FFEgTBcZwqZsctRQpM4\nY2GxLlbkQCZXGTreXir0Zq/EJDd73wIDAQABAoICADnrqlL3bRhhAakYMiSmPIQx\nt5RTXmWxQPYhNzp+f6lKhhgNWV+A4iRjF5wZe7RwoSj/LQNp7tmnbUwFL4Uqm1CX\ntClD6cukGY6au1xZwp7HX0eFYEWLfdFNawMSiRJSufndnIIx5HO30QfIzyd2wfH1\nB/b/K+L0ml9YhwmNKwthkGyHdYmjZFUaB0EWpOmEknWknbct4v5isFDEEJ4Me775\n18xj2/HlQoqCKhsiik6qjijOV5aXTbDDE693fmUAMaUDSKC3qHIUJsT4Rn3h3KuZ\nyuU9zrn5l/49OpVTccpvV1xTMkEX4cyK8pE+WACYFLGqEo+S+RGIFLm4wg+kLvgx\n7budPTYy3BJeqZyDQlDTTAv47kNwgAK/sb33XqR/IqI5FXNJ29sftlUBtpnj9cL8\nSqJUhMwuDeuQFjF1t8i48TWtHRKBC1yX0yVG0RExxqfQIu8CL27623aS/ulBr626\n0pnqA7gYHu9xb8zUkVaHsovRP5O1/EEkYS/8JB7pGAkV4rB37vrX8rHow7pS05HG\n4zRFRnULWGhyH6UgWFJjzyfD0I63fnj+A5kLX6IG33ugo40wXPR+MJ1e7WynEOAb\nRZIyfsdCh+jwTWJ44If6uKXsqBQw5TABGsHQkgtuMgB4vmd194WPA4o0BOnqihO1\n6m1zU/k53BDWb47u5A25AoIBAQDV0E11S6+2FYtJnp7PTPRUW7DsmBMzdcNnCR2e\nN16Ekf0XhpVDDDa+1M/Ozdm7uXTlhRQS6GJ4Qp+Ywiphktl3KKhBcegB8BWMdO/x\nHUdCw5+BTpGsnpYz/iOdMw1qcs2qbG/tAhkzzAqCohTZNyFzRXGonTpGsgnuEbhf\nyHkbEtfkdNTlxpa349YA/UT/EUjmIJJDfpmsZ4Aw8+kmbZYchhwiCfTgKhTFsRMY\n4oHKwROl8+mVkRK2Be+Q704ScNXxDmSNz1WCKtZP0vbj5UqB3XtFX3boUB1BWzAm\nyan1EQaQ5I27XmNluczBSGTSeW2XZmurxps/W6hKP/m/qOFFAoIBAQDug7nntNeQ\nL1Z1RJ1JQ5Bx9W4rsnmQYmhQPGSyBfzbTJiu2FMw8cNNaLXIfbECFZ3f0gfDtGBc\nYH2D+K7SRw0TUv8Jv6RZHHb3u9YlZq1t1rJosinr1ixzjJLcVIvsi6xt8GRUmjRj\nDwltEGmC4xwaqaD7fOC93YIdk+VNJJ5eGIME/ghI8odRiqre8JSfyIsXBEGDFqld\nTKyYJ8sj7wyqJXieLeAxUZYKI8JkwPUgXzlXQ+wcBHzO4xZNPTqfDKrAmy/s1rc7\nUq7O8c94Y0LbzW5q0K/AMBRcdtz6zaOnJbwXl1bv7F1S8JexGpoxpy7/gn2ntxRU\nRryYCA47g5DTAoIBADV9DdOZIpTvoM/DAcGkY78yzPjzNmJ6RG7jReiNu3R4vRME\nlRSX2p40yOPYdW7T/11nxFTSk8e4CwsBD+8m+IYpwqXUpBDQCeQAYQI1q90U6TNE\n/4ZqifLp0ekCm4mUvMS0qe9lxf5CPiLd/08zzodyyPNAmhKTeY54GmLD2SAfv6ik\nXZo56vyH38KRmZAht9XyMgT2h+UsY1Jbwmjdo17xYdpWGU9214l5OejQyV16nbq3\nYSkMiNzGcV8VrrdISQ0r55XeV2rf4otHoIH0m4YPbUY2kp2dZSQzdsFNU9o97yGS\nO66y9zS8nW+A98/7lqH4elkXr0DTYi9o/8alre0CggEAc5RlrACYTQiDbwQ269/P\nyUlTf91Wxz7Iqcj6SsJYC7UMb/3oIlmleId7P5KZCheLj4Bpvs5Tu7AOYrtJjCBe\nF7UqXYD+lSgUBmyBk1I0THuzrMRZSC1bEQtXx2k4/QGaJxRMqiqnpDEPMki3uHNx\nlQIKPpP/HEKQ4OBgR4etLo/WPb8UKLVOGZeGwc33V46IyDiJvopmvA2BvaHa8KjQ\njEroLk6wy3VrrbIyazyODIfYc484hUMvb9nfXsKC+7vZqsgI604JMLgaebH4BbCk\nH3tnPF+wKwOhekUnRGoOGdtRUGVH/a+ecaig+XOYsOMBBVQoq/Mt6MD2dv3AV9qj\nfQKCAQEAwpGVJ9w16D+dD4On8giqFyM29VYUO4zvd1Kv6KPWfBKrQnOly2pidMQ2\nrawjFvVYAECmiRXEo1v28HuJRm4HR38hkSkDmDWGBNE1JUZDe648XcMypuQZ2bDC\nuM5oPdQeGflJSz7gl4jI5dHW6yyAfgRKhIGB16I24xhrZlI2+kfis3OhK3mofJzy\n1reVgIV/SjvoCOs79oCdPSbVPDIozpKnQQ5VNW6aa6EwG6bYzfysssiamVKVddls\nFYsas39tm6TDtErDaFOkl+WEB1hxWzlXfVAHOPdEWdyZ0q6jKkKg3u6qhGJzxyKv\nupeMceuqZnlxl3YEmJQZXY+Sqas0RQ==\n-----END PRIVATE KEY-----\n",
            "public_key_fingerprint_md5": "09:80:b8:69:e5:42:a0:54:37:43:99:5a:1c:f9:25:c9",
            "public_key_fingerprint_sha256": "SHA256:sn7eA+rwCt62zax9ViExpFarkXXeQDiQaBSnoAHhTTI",
            "public_key_openssh": "ssh-rsa AAAAB3NzaC1yc2EAAAADAQABAAACAQDHNazfvV0/j7Zn0nkBTusPmda6mFw7Df6RUCgjpvuvQmZhgJOiCl3tIJRPLChUiUV3X2aOQqPfP+wOKrCJtVX8QH9Ec4bP6lv1CoTbl+S1LnjDkM+UdvhQAeKVmpG5rfieauRqb5I7hQ4ItB6UzXa7ndgnHErHnulBE6kGMjouFurJp5mWfuC3jQ6C2oDlRXGzmOttt3RV5daj77xRKTOmRuRyyEN3W4KfloSsMGJ3ZKawul9tK3A/ozLN5AABs2BpLhcG+fvARfrUSKXr/KYS3mEe3oGyUwbPJ3EyEmTQJaQ8YimSNnMkUwPbvQEFLGtXME0Vh5sjaocmwKAKZt1xuyosWVGPPgYTxfQ+3J29V+h0YO+yAMpquJuwTV9wb/Bx2LD/5qWFltb71MtXgjiMlbjlQTuK930FXA7nY3Q0f9d9FgB3QExtLO2TBZQr+NAUm7p1E/D0LdQc5PKHp3sk266d2oitIqicZgVPKxTJiDLAM85K3d45EToP1dmVxtXOBSlhY6YXNgP6HdF9i77D3BuBcLe2hU9bgWhvCLLX5iRQVymO6ZkD7m4qgXn/J3EatE9UcyeYS0bD19fqfeTwg4Xj2k3VaAwcGm79m511S0wZR0MsMWgJZYn4+FFEgTBcZwqZsctRQpM4Y2GxLlbkQCZXGTreXir0Zq/EJDd73w==\n",
            "public_key_pem": "-----BEGIN PUBLIC KEY-----\nMIICIjANBgkqhkiG9w0BAQEFAAOCAg8AMIICCgKCAgEAxzWs371dP4+2Z9J5AU7r\nD5nWuphcOw3+kVAoI6b7r0JmYYCTogpd7SCUTywoVIlFd19mjkKj3z/sDiqwibVV\n/EB/RHOGz+pb9QqE25fktS54w5DPlHb4UAHilZqRua34nmrkam+SO4UOCLQelM12\nu53YJxxKx57pQROpBjI6LhbqyaeZln7gt40OgtqA5UVxs5jrbbd0VeXWo++8USkz\npkbkcshDd1uCn5aErDBid2SmsLpfbStwP6MyzeQAAbNgaS4XBvn7wEX61Eil6/ym\nEt5hHt6BslMGzydxMhJk0CWkPGIpkjZzJFMD270BBSxrVzBNFYebI2qHJsCgCmbd\ncbsqLFlRjz4GE8X0PtydvVfodGDvsgDKaribsE1fcG/wcdiw/+alhZbW+9TLV4I4\njJW45UE7ivd9BVwO52N0NH/XfRYAd0BMbSztkwWUK/jQFJu6dRPw9C3UHOTyh6d7\nJNuundqIrSKonGYFTysUyYgywDPOSt3eORE6D9XZlcbVzgUpYWOmFzYD+h3RfYu+\nw9wbgXC3toVPW4Fobwiy1+YkUFcpjumZA+5uKoF5/ydxGrRPVHMnmEtGw9fX6n3k\n8IOF49pN1WgMHBpu/ZuddUtMGUdDLDFoCWWJ+PhRRIEwXGcKmbHLUUKTOGNhsS5W\n5EAmVxk63l4q9GavxCQ3e98CAwEAAQ==\n-----END PUBLIC KEY-----\n",
            "rsa_bits": 4096
          },
          "sensitive_attributes": []
        }
      ]
    }
  ],
  "check_results": []
}
